PODS:
  - ArcGIS-Runtime-SDK-iOS (100.2.1)

DEPENDENCIES:
  - ArcGIS-Runtime-SDK-iOS

SPEC REPOS:
  https://github.com/CocoaPods/Specs.git:
    - ArcGIS-Runtime-SDK-iOS

SPEC CHECKSUMS:
  ArcGIS-Runtime-SDK-iOS: 5259f90133e72ba6b06d5a7dc60cb75dda0e970a

PODFILE CHECKSUM: a44f5508814e6c74c9ac6ad9226080fd9c094d88

COCOAPODS: 1.5.0
